
Microsoft Visual Studio Solution File, Format Version 12.00
# Visual Studio 2012
Project("{FAE04EC0-301F-11D3-BF4B-00C04F79EFBC}") = "MyLittleTest", "MyLittleTest\MyLittleTest.csproj", "{73A68AD1-A4FB-4F32-91AA-9CA2BD48D0E9}"
EndProject
Project("{FAE04EC0-301F-11D3-BF4B-00C04F79EFBC}") = "MyLittleTest.iOS", "iOS\MyLittleTest.iOS.csproj", "{47FB4F5F-E17A-46BB-95C2-DF32458E6FD8}"
EndProject
Project("{FAE04EC0-301F-11D3-BF4B-00C04F79EFBC}") = "MyLittleTest.Droid", "Droid\MyLittleTest.Droid.csproj", "{8F7DC3B3-6959-4AE3-8AB0-E3CCEF15F226}"
EndProject
Global
	GlobalSection(SolutionConfigurationPlatforms) = preSolution
		Debug|Any CPU = Debug|Any CPU
		Release|Any CPU = Release|Any CPU
		Debug|iPhoneSimulator = Debug|iPhoneSimulator
		Release|iPhone = Release|iPhone
		Release|iPhoneSimulator = Release|iPhoneSimulator
		Debug|iPhone = Debug|iPhone
	EndGlobalSection
	GlobalSection(ProjectConfigurationPlatforms) = postSolution
		{73A68AD1-A4FB-4F32-91AA-9CA2BD48D0E9}.Debug|Any CPU.ActiveCfg = Debug|Any CPU
		{73A68AD1-A4FB-4F32-91AA-9CA2BD48D0E9}.Debug|Any CPU.Build.0 = Debug|Any CPU
		{73A68AD1-A4FB-4F32-91AA-9CA2BD48D0E9}.Release|Any CPU.ActiveCfg = Release|Any CPU
		{73A68AD1-A4FB-4F32-91AA-9CA2BD48D0E9}.Release|Any CPU.Build.0 = Release|Any CPU
		{73A68AD1-A4FB-4F32-91AA-9CA2BD48D0E9}.Debug|iPhoneSimulator.ActiveCfg = Debug|Any CPU
		{73A68AD1-A4FB-4F32-91AA-9CA2BD48D0E9}.Debug|iPhoneSimulator.Build.0 = Debug|Any CPU
		{73A68AD1-A4FB-4F32-91AA-9CA2BD48D0E9}.Release|iPhone.ActiveCfg = Release|Any CPU
		{73A68AD1-A4FB-4F32-91AA-9CA2BD48D0E9}.Release|iPhone.Build.0 = Release|Any CPU
		{73A68AD1-A4FB-4F32-91AA-9CA2BD48D0E9}.Release|iPhoneSimulator.ActiveCfg = Release|Any CPU
		{73A68AD1-A4FB-4F32-91AA-9CA2BD48D0E9}.Release|iPhoneSimulator.Build.0 = Release|Any CPU
		{73A68AD1-A4FB-4F32-91AA-9CA2BD48D0E9}.Debug|iPhone.ActiveCfg = Debug|Any CPU
		{73A68AD1-A4FB-4F32-91AA-9CA2BD48D0E9}.Debug|iPhone.Build.0 = Debug|Any CPU
		{47FB4F5F-E17A-46BB-95C2-DF32458E6FD8}.Debug|Any CPU.ActiveCfg = Debug|iPhoneSimulator
		{47FB4F5F-E17A-46BB-95C2-DF32458E6FD8}.Debug|Any CPU.Build.0 = Debug|iPhoneSimulator
		{47FB4F5F-E17A-46BB-95C2-DF32458E6FD8}.Release|Any CPU.ActiveCfg = Release|iPhone
		{47FB4F5F-E17A-46BB-95C2-DF32458E6FD8}.Release|Any CPU.Build.0 = Release|iPhone
		{47FB4F5F-E17A-46BB-95C2-DF32458E6FD8}.Debug|iPhoneSimulator.ActiveCfg = Debug|iPhoneSimulator
		{47FB4F5F-E17A-46BB-95C2-DF32458E6FD8}.Debug|iPhoneSimulator.Build.0 = Debug|iPhoneSimulator
		{47FB4F5F-E17A-46BB-95C2-DF32458E6FD8}.Release|iPhone.ActiveCfg = Release|iPhone
		{47FB4F5F-E17A-46BB-95C2-DF32458E6FD8}.Release|iPhone.Build.0 = Release|iPhone
		{47FB4F5F-E17A-46BB-95C2-DF32458E6FD8}.Release|iPhoneSimulator.ActiveCfg = Release|iPhoneSimulator
		{47FB4F5F-E17A-46BB-95C2-DF32458E6FD8}.Release|iPhoneSimulator.Build.0 = Release|iPhoneSimulator
		{47FB4F5F-E17A-46BB-95C2-DF32458E6FD8}.Debug|iPhone.ActiveCfg = Debug|iPhone
		{47FB4F5F-E17A-46BB-95C2-DF32458E6FD8}.Debug|iPhone.Build.0 = Debug|iPhone
		{8F7DC3B3-6959-4AE3-8AB0-E3CCEF15F226}.Debug|Any CPU.ActiveCfg = Debug|Any CPU
		{8F7DC3B3-6959-4AE3-8AB0-E3CCEF15F226}.Debug|Any CPU.Build.0 = Debug|Any CPU
		{8F7DC3B3-6959-4AE3-8AB0-E3CCEF15F226}.Release|Any CPU.ActiveCfg = Release|Any CPU
		{8F7DC3B3-6959-4AE3-8AB0-E3CCEF15F226}.Release|Any CPU.Build.0 = Release|Any CPU
		{8F7DC3B3-6959-4AE3-8AB0-E3CCEF15F226}.Debug|iPhoneSimulator.ActiveCfg = Debug|Any CPU
		{8F7DC3B3-6959-4AE3-8AB0-E3CCEF15F226}.Debug|iPhoneSimulator.Build.0 = Debug|Any CPU
		{8F7DC3B3-6959-4AE3-8AB0-E3CCEF15F226}.Release|iPhone.ActiveCfg = Release|Any CPU
		{8F7DC3B3-6959-4AE3-8AB0-E3CCEF15F226}.Release|iPhone.Build.0 = Release|Any CPU
		{8F7DC3B3-6959-4AE3-8AB0-E3CCEF15F226}.Release|iPhoneSimulator.ActiveCfg = Release|Any CPU
		{8F7DC3B3-6959-4AE3-8AB0-E3CCEF15F226}.Release|iPhoneSimulator.Build.0 = Release|Any CPU
		{8F7DC3B3-6959-4AE3-8AB0-E3CCEF15F226}.Debug|iPhone.ActiveCfg = Debug|Any CPU
		{8F7DC3B3-6959-4AE3-8AB0-E3CCEF15F226}.Debug|iPhone.Build.0 = Debug|Any CPU
	EndGlobalSection
EndGlobal
